
Microsoft Visual Studio Solution File, Format Version 12.00
# Visual Studio Version 17
VisualStudioVersion = 17.14.36511.14
MinimumVisualStudioVersion = 10.0.40219.1
Project("{FAE04EC0-301F-11D3-BF4B-00C04F79EFBC}") = "AP.Api", "AP.Api\AP.Api.csproj", "{87A74C24-14AE-4042-BD3F-5E54BCBC4507}"
EndProject
Project("{FAE04EC0-301F-11D3-BF4B-00C04F79EFBC}") = "AP.Data", "AP.Data\AP.Data.csproj", "{80F07A7D-0982-4ABF-9C8F-9EF59CC2E1EB}"
EndProject
Project("{FAE04EC0-301F-11D3-BF4B-00C04F79EFBC}") = "AP.Core", "AP.Core\AP.Core.csproj", "{320681D7-7074-450C-901F-F5C51BB84D5E}"
EndProject
Project("{FAE04EC0-301F-11D3-BF4B-00C04F79EFBC}") = "AP.Models", "AP.Models\AP.Models.csproj", "{6117E5FC-852E-47A2-B4BE-CAC35C4FFE4B}"
EndProject
Project("{FAE04EC0-301F-11D3-BF4B-00C04F79EFBC}") = "AP.MinimalApi", "AP.MinimalApi\AP.MinimalApi.csproj", "{5FA2F0B1-85E2-472D-BCB4-AA439160F003}"
EndProject
Global
	GlobalSection(SolutionConfigurationPlatforms) = preSolution
		Debug|Any CPU = Debug|Any CPU
		Release|Any CPU = Release|Any CPU
	EndGlobalSection
	GlobalSection(ProjectConfigurationPlatforms) = postSolution
		{87A74C24-14AE-4042-BD3F-5E54BCBC4507}.Debug|Any CPU.ActiveCfg = Debug|Any CPU
		{87A74C24-14AE-4042-BD3F-5E54BCBC4507}.Debug|Any CPU.Build.0 = Debug|Any CPU
		{87A74C24-14AE-4042-BD3F-5E54BCBC4507}.Release|Any CPU.ActiveCfg = Release|Any CPU
		{87A74C24-14AE-4042-BD3F-5E54BCBC4507}.Release|Any CPU.Build.0 = Release|Any CPU
		{80F07A7D-0982-4ABF-9C8F-9EF59CC2E1EB}.Debug|Any CPU.ActiveCfg = Debug|Any CPU
		{80F07A7D-0982-4ABF-9C8F-9EF59CC2E1EB}.Debug|Any CPU.Build.0 = Debug|Any CPU
		{80F07A7D-0982-4ABF-9C8F-9EF59CC2E1EB}.Release|Any CPU.ActiveCfg = Release|Any CPU
		{80F07A7D-0982-4ABF-9C8F-9EF59CC2E1EB}.Release|Any CPU.Build.0 = Release|Any CPU
		{320681D7-7074-450C-901F-F5C51BB84D5E}.Debug|Any CPU.ActiveCfg = Debug|Any CPU
		{320681D7-7074-450C-901F-F5C51BB84D5E}.Debug|Any CPU.Build.0 = Debug|Any CPU
		{320681D7-7074-450C-901F-F5C51BB84D5E}.Release|Any CPU.ActiveCfg = Release|Any CPU
		{320681D7-7074-450C-901F-F5C51BB84D5E}.Release|Any CPU.Build.0 = Release|Any CPU
		{6117E5FC-852E-47A2-B4BE-CAC35C4FFE4B}.Debug|Any CPU.ActiveCfg = Debug|Any CPU
		{6117E5FC-852E-47A2-B4BE-CAC35C4FFE4B}.Debug|Any CPU.Build.0 = Debug|Any CPU
		{6117E5FC-852E-47A2-B4BE-CAC35C4FFE4B}.Release|Any CPU.ActiveCfg = Release|Any CPU
		{6117E5FC-852E-47A2-B4BE-CAC35C4FFE4B}.Release|Any CPU.Build.0 = Release|Any CPU
		{5FA2F0B1-85E2-472D-BCB4-AA439160F003}.Debug|Any CPU.ActiveCfg = Debug|Any CPU
		{5FA2F0B1-85E2-472D-BCB4-AA439160F003}.Debug|Any CPU.Build.0 = Debug|Any CPU
		{5FA2F0B1-85E2-472D-BCB4-AA439160F003}.Release|Any CPU.ActiveCfg = Release|Any CPU
		{5FA2F0B1-85E2-472D-BCB4-AA439160F003}.Release|Any CPU.Build.0 = Release|Any CPU
	EndGlobalSection
	GlobalSection(SolutionProperties) = preSolution
		HideSolutionNode = FALSE
	EndGlobalSection
	GlobalSection(ExtensibilityGlobals) = postSolution
		SolutionGuid = {E61E109D-A48F-4281-97C7-EEEFCBD3C135}
	EndGlobalSection
EndGlobal
